
Microsoft Visual Studio Solution File, Format Version 12.00
# Visual Studio Version 17
VisualStudioVersion = 17.6.33829.357
MinimumVisualStudioVersion = 10.0.40219.1
Project("{FAE04EC0-301F-11D3-BF4B-00C04F79EFBC}") = "gitapp", "gitapp\gitapp.csproj", "{B191B525-3588-43DA-B016-6E8854FE4A02}"
EndProject
Global
	GlobalSection(SolutionConfigurationPlatforms) = preSolution
		Debug|Any CPU = Debug|Any CPU
		Release|Any CPU = Release|Any CPU
	EndGlobalSection
	GlobalSection(ProjectConfigurationPlatforms) = postSolution
		{B191B525-3588-43DA-B016-6E8854FE4A02}.Debug|Any CPU.ActiveCfg = Debug|Any CPU
		{B191B525-3588-43DA-B016-6E8854FE4A02}.Debug|Any CPU.Build.0 = Debug|Any CPU
		{B191B525-3588-43DA-B016-6E8854FE4A02}.Release|Any CPU.ActiveCfg = Release|Any CPU
		{B191B525-3588-43DA-B016-6E8854FE4A02}.Release|Any CPU.Build.0 = Release|Any CPU
	EndGlobalSection
	GlobalSection(SolutionProperties) = preSolution
		HideSolutionNode = FALSE
	EndGlobalSection
	GlobalSection(ExtensibilityGlobals) = postSolution
		SolutionGuid = {E3FE9F27-83D3-449B-9C2B-64AF4F9F4A0A}
	EndGlobalSection
EndGlobal
